// !$*UTF8*$!
{
	archiveVersion = 1;
	classes = {
	};
	objectVersion = 50;
	objects = {

/* Begin PBXBuildFile section */
		430A998E23F4F70700586CB0 /* ServerAddress.swift in Sources */ = {isa = PBXBuildFile; fileRef = 430A998D23F4F70700586CB0 /* ServerAddress.swift */; };
		434D2B3A23F2A7FE00E1E0D1 /* MainTests.swift in Sources */ = {isa = PBXBuildFile; fileRef = 434D2B3923F2A7FE00E1E0D1 /* MainTests.swift */; };
		4362198923F1A2B7008B9F84 /* AppDelegate.swift in Sources */ = {isa = PBXBuildFile; fileRef = 4362198823F1A2B7008B9F84 /* AppDelegate.swift */; };
		4362198B23F1A2B7008B9F84 /* SceneDelegate.swift in Sources */ = {isa = PBXBuildFile; fileRef = 4362198A23F1A2B7008B9F84 /* SceneDelegate.swift */; };
		4362199223F1A2B7008B9F84 /* Assets.xcassets in Resources */ = {isa = PBXBuildFile; fileRef = 4362199123F1A2B7008B9F84 /* Assets.xcassets */; };
		4362199523F1A2B7008B9F84 /* LaunchScreen.storyboard in Resources */ = {isa = PBXBuildFile; fileRef = 4362199323F1A2B7008B9F84 /* LaunchScreen.storyboard */; };
		436219A023F1A2B7008B9F84 /* MoariTests.swift in Sources */ = {isa = PBXBuildFile; fileRef = 4362199F23F1A2B7008B9F84 /* MoariTests.swift */; };
		436219AB23F242FA008B9F84 /* Pods_Moari.framework in CopyFiles */ = {isa = PBXBuildFile; fileRef = CA1DA8A874583CB34F6191E8 /* Pods_Moari.framework */; settings = {ATTRIBUTES = (CodeSignOnCopy, RemoveHeadersOnCopy, ); }; };
		43CF869423F29BDE0062B846 /* Device.swift in Sources */ = {isa = PBXBuildFile; fileRef = 43CF869323F29BDE0062B846 /* Device.swift */; };
		43CF869623F29BF30062B846 /* BaseVCProtocol.swift in Sources */ = {isa = PBXBuildFile; fileRef = 43CF869523F29BF30062B846 /* BaseVCProtocol.swift */; };
		43CF869823F29C040062B846 /* UIColor.swift in Sources */ = {isa = PBXBuildFile; fileRef = 43CF869723F29C040062B846 /* UIColor.swift */; };
		43CF869A23F29C1A0062B846 /* UIButton.swift in Sources */ = {isa = PBXBuildFile; fileRef = 43CF869923F29C1A0062B846 /* UIButton.swift */; };
		43CF869C23F29C2B0062B846 /* UIViewController.swift in Sources */ = {isa = PBXBuildFile; fileRef = 43CF869B23F29C2B0062B846 /* UIViewController.swift */; };
		43CF869E23F29C400062B846 /* String.swift in Sources */ = {isa = PBXBuildFile; fileRef = 43CF869D23F29C400062B846 /* String.swift */; };
		43CF86A023F29C550062B846 /* BaseVC.swift in Sources */ = {isa = PBXBuildFile; fileRef = 43CF869F23F29C550062B846 /* BaseVC.swift */; };
		43CF86A223F29C6A0062B846 /* IndicatorView.swift in Sources */ = {isa = PBXBuildFile; fileRef = 43CF86A123F29C6A0062B846 /* IndicatorView.swift */; };
		43CF86A423F29C820062B846 /* ColorPalette.swift in Sources */ = {isa = PBXBuildFile; fileRef = 43CF86A323F29C820062B846 /* ColorPalette.swift */; };
		43CF86A723F29CA00062B846 /* Localizable.strings in Resources */ = {isa = PBXBuildFile; fileRef = 43CF86A923F29CA00062B846 /* Localizable.strings */; };
		43CF86AC23F29CAE0062B846 /* InfoPlist.strings in Resources */ = {isa = PBXBuildFile; fileRef = 43CF86AE23F29CAE0062B846 /* InfoPlist.strings */; };
		43CF86B423F29D500062B846 /* SplashTests.swift in Sources */ = {isa = PBXBuildFile; fileRef = 43CF86B323F29D500062B846 /* SplashTests.swift */; };
		43CF86BA23F29DA00062B846 /* SplashProtocol.swift in Sources */ = {isa = PBXBuildFile; fileRef = 43CF86B923F29DA00062B846 /* SplashProtocol.swift */; };
		43CF86BC23F29DAB0062B846 /* SplashDataManager.swift in Sources */ = {isa = PBXBuildFile; fileRef = 43CF86BB23F29DAB0062B846 /* SplashDataManager.swift */; };
		43CF86BE23F29DB50062B846 /* SplashActor.swift in Sources */ = {isa = PBXBuildFile; fileRef = 43CF86BD23F29DB50062B846 /* SplashActor.swift */; };
		43CF86C023F29DC10062B846 /* SplashDataResponse.swift in Sources */ = {isa = PBXBuildFile; fileRef = 43CF86BF23F29DC10062B846 /* SplashDataResponse.swift */; };
		43CF86C323F29DD00062B846 /* SplashVC.swift in Sources */ = {isa = PBXBuildFile; fileRef = 43CF86C123F29DD00062B846 /* SplashVC.swift */; };
		43CF86C423F29DD00062B846 /* SplashVC.xib in Resources */ = {isa = PBXBuildFile; fileRef = 43CF86C223F29DD00062B846 /* SplashVC.xib */; };
		43D53E4923FAE191005DFC4A /* GoogleService-Info.plist in Resources */ = {isa = PBXBuildFile; fileRef = 43D53E4823FAE191005DFC4A /* GoogleService-Info.plist */; };
		43D53E4D23FAE7DD005DFC4A /* SignInVC.swift in Sources */ = {isa = PBXBuildFile; fileRef = 43D53E4B23FAE7DD005DFC4A /* SignInVC.swift */; };
		43D53E4E23FAE7DD005DFC4A /* SignInVC.xib in Resources */ = {isa = PBXBuildFile; fileRef = 43D53E4C23FAE7DD005DFC4A /* SignInVC.xib */; };
		43D53E5023FAE808005DFC4A /* SignInProtocol.swift in Sources */ = {isa = PBXBuildFile; fileRef = 43D53E4F23FAE808005DFC4A /* SignInProtocol.swift */; };
		43D53E5223FAE98F005DFC4A /* SignInActor.swift in Sources */ = {isa = PBXBuildFile; fileRef = 43D53E5123FAE98F005DFC4A /* SignInActor.swift */; };
		43D53E5423FAE9DC005DFC4A /* SignInDataManager.swift in Sources */ = {isa = PBXBuildFile; fileRef = 43D53E5323FAE9DC005DFC4A /* SignInDataManager.swift */; };
		43D53E5623FAEA12005DFC4A /* SignInDataResponse.swift in Sources */ = {isa = PBXBuildFile; fileRef = 43D53E5523FAEA12005DFC4A /* SignInDataResponse.swift */; };
		4A4A3E8DF1AF946B5ABDD294 /* libPods-Moari.a in Frameworks */ = {isa = PBXBuildFile; fileRef = E9A0F51F34B695367033AB22 /* libPods-Moari.a */; };
		6715CDA1D5567804532A4810 /* libPods-MoariTests.a in Frameworks */ = {isa = PBXBuildFile; fileRef = B6367B16AD08E8341DFD6296 /* libPods-MoariTests.a */; };
/* End PBXBuildFile section */

/* Begin PBXContainerItemProxy section */
		4362199C23F1A2B7008B9F84 /* PBXContainerItemProxy */ = {
			isa = PBXContainerItemProxy;
			containerPortal = 4362197D23F1A2B6008B9F84 /* Project object */;
			proxyType = 1;
			remoteGlobalIDString = 4362198423F1A2B6008B9F84;
			remoteInfo = Moari;
		};
/* End PBXContainerItemProxy section */

/* Begin PBXCopyFilesBuildPhase section */
		436219AA23F242B0008B9F84 /* CopyFiles */ = {
			isa = PBXCopyFilesBuildPhase;
			buildActionMask = 8;
			dstPath = "";
			dstSubfolderSpec = 10;
			files = (
				436219AB23F242FA008B9F84 /* Pods_Moari.framework in CopyFiles */,
			);
			runOnlyForDeploymentPostprocessing = 1;
		};
/* End PBXCopyFilesBuildPhase section */

/* Begin PBXFileReference section */
		0160B0ACF983F050FD1EBB75 /* Pods-Moari.debug.xcconfig */ = {isa = PBXFileReference; includeInIndex = 1; lastKnownFileType = text.xcconfig; name = "Pods-Moari.debug.xcconfig"; path = "Target Support Files/Pods-Moari/Pods-Moari.debug.xcconfig"; sourceTree = "<group>"; };
		3F64763878C86E67F9CF8AA2 /* Pods-Moari.release.xcconfig */ = {isa = PBXFileReference; includeInIndex = 1; lastKnownFileType = text.xcconfig; name = "Pods-Moari.release.xcconfig"; path = "Target Support Files/Pods-Moari/Pods-Moari.release.xcconfig"; sourceTree = "<group>"; };
		430A998D23F4F70700586CB0 /* ServerAddress.swift */ = {isa = PBXFileReference; lastKnownFileType = sourcecode.swift; path = ServerAddress.swift; sourceTree = "<group>"; };
		434D2B3923F2A7FE00E1E0D1 /* MainTests.swift */ = {isa = PBXFileReference; lastKnownFileType = sourcecode.swift; path = MainTests.swift; sourceTree = "<group>"; };
		4362198523F1A2B7008B9F84 /* Moari.app */ = {isa = PBXFileReference; explicitFileType = wrapper.application; includeInIndex = 0; path = Moari.app; sourceTree = BUILT_PRODUCTS_DIR; };
		4362198823F1A2B7008B9F84 /* AppDelegate.swift */ = {isa = PBXFileReference; lastKnownFileType = sourcecode.swift; path = AppDelegate.swift; sourceTree = "<group>"; };
		4362198A23F1A2B7008B9F84 /* SceneDelegate.swift */ = {isa = PBXFileReference; lastKnownFileType = sourcecode.swift; path = SceneDelegate.swift; sourceTree = "<group>"; };
		4362199123F1A2B7008B9F84 /* Assets.xcassets */ = {isa = PBXFileReference; lastKnownFileType = folder.assetcatalog; path = Assets.xcassets; sourceTree = "<group>"; };
		4362199423F1A2B7008B9F84 /* Base */ = {isa = PBXFileReference; lastKnownFileType = file.storyboard; name = Base; path = Base.lproj/LaunchScreen.storyboard; sourceTree = "<group>"; };
		4362199623F1A2B7008B9F84 /* Info.plist */ = {isa = PBXFileReference; lastKnownFileType = text.plist.xml; path = Info.plist; sourceTree = "<group>"; };
		4362199B23F1A2B7008B9F84 /* MoariTests.xctest */ = {isa = PBXFileReference; explicitFileType = wrapper.cfbundle; includeInIndex = 0; path = MoariTests.xctest; sourceTree = BUILT_PRODUCTS_DIR; };
		4362199F23F1A2B7008B9F84 /* MoariTests.swift */ = {isa = PBXFileReference; lastKnownFileType = sourcecode.swift; path = MoariTests.swift; sourceTree = "<group>"; };
		436219A123F1A2B7008B9F84 /* Info.plist */ = {isa = PBXFileReference; lastKnownFileType = text.plist.xml; path = Info.plist; sourceTree = "<group>"; };
		439CA85B1EBDAD103DA04605 /* Pods-MoariTests.release.xcconfig */ = {isa = PBXFileReference; includeInIndex = 1; lastKnownFileType = text.xcconfig; name = "Pods-MoariTests.release.xcconfig"; path = "Target Support Files/Pods-MoariTests/Pods-MoariTests.release.xcconfig"; sourceTree = "<group>"; };
		43CF869323F29BDE0062B846 /* Device.swift */ = {isa = PBXFileReference; lastKnownFileType = sourcecode.swift; path = Device.swift; sourceTree = "<group>"; };
		43CF869523F29BF30062B846 /* BaseVCProtocol.swift */ = {isa = PBXFileReference; lastKnownFileType = sourcecode.swift; path = BaseVCProtocol.swift; sourceTree = "<group>"; };
		43CF869723F29C040062B846 /* UIColor.swift */ = {isa = PBXFileReference; lastKnownFileType = sourcecode.swift; path = UIColor.swift; sourceTree = "<group>"; };
		43CF869923F29C1A0062B846 /* UIButton.swift */ = {isa = PBXFileReference; lastKnownFileType = sourcecode.swift; path = UIButton.swift; sourceTree = "<group>"; };
		43CF869B23F29C2B0062B846 /* UIViewController.swift */ = {isa = PBXFileReference; lastKnownFileType = sourcecode.swift; path = UIViewController.swift; sourceTree = "<group>"; };
		43CF869D23F29C400062B846 /* String.swift */ = {isa = PBXFileReference; lastKnownFileType = sourcecode.swift; path = String.swift; sourceTree = "<group>"; };
		43CF869F23F29C550062B846 /* BaseVC.swift */ = {isa = PBXFileReference; lastKnownFileType = sourcecode.swift; path = BaseVC.swift; sourceTree = "<group>"; };
		43CF86A123F29C6A0062B846 /* IndicatorView.swift */ = {isa = PBXFileReference; lastKnownFileType = sourcecode.swift; path = IndicatorView.swift; sourceTree = "<group>"; };
		43CF86A323F29C820062B846 /* ColorPalette.swift */ = {isa = PBXFileReference; lastKnownFileType = sourcecode.swift; path = ColorPalette.swift; sourceTree = "<group>"; };
		43CF86A823F29CA00062B846 /* en */ = {isa = PBXFileReference; lastKnownFileType = text.plist.strings; name = en; path = en.lproj/Localizable.strings; sourceTree = "<group>"; };
		43CF86AD23F29CAE0062B846 /* en */ = {isa = PBXFileReference; lastKnownFileType = text.plist.strings; name = en; path = en.lproj/InfoPlist.strings; sourceTree = "<group>"; };
		43CF86AF23F29CBE0062B846 /* ko */ = {isa = PBXFileReference; lastKnownFileType = text.plist.strings; name = ko; path = ko.lproj/Localizable.strings; sourceTree = "<group>"; };
		43CF86B023F29CBE0062B846 /* ko */ = {isa = PBXFileReference; lastKnownFileType = text.plist.strings; name = ko; path = ko.lproj/InfoPlist.strings; sourceTree = "<group>"; };
		43CF86B323F29D500062B846 /* SplashTests.swift */ = {isa = PBXFileReference; lastKnownFileType = sourcecode.swift; path = SplashTests.swift; sourceTree = "<group>"; };
		43CF86B923F29DA00062B846 /* SplashProtocol.swift */ = {isa = PBXFileReference; lastKnownFileType = sourcecode.swift; path = SplashProtocol.swift; sourceTree = "<group>"; };
		43CF86BB23F29DAB0062B846 /* SplashDataManager.swift */ = {isa = PBXFileReference; lastKnownFileType = sourcecode.swift; path = SplashDataManager.swift; sourceTree = "<group>"; };
		43CF86BD23F29DB50062B846 /* SplashActor.swift */ = {isa = PBXFileReference; lastKnownFileType = sourcecode.swift; path = SplashActor.swift; sourceTree = "<group>"; };
		43CF86BF23F29DC10062B846 /* SplashDataResponse.swift */ = {isa = PBXFileReference; lastKnownFileType = sourcecode.swift; path = SplashDataResponse.swift; sourceTree = "<group>"; };
		43CF86C123F29DD00062B846 /* SplashVC.swift */ = {isa = PBXFileReference; lastKnownFileType = sourcecode.swift; path = SplashVC.swift; sourceTree = "<group>"; };
		43CF86C223F29DD00062B846 /* SplashVC.xib */ = {isa = PBXFileReference; lastKnownFileType = file.xib; path = SplashVC.xib; sourceTree = "<group>"; };
		43D53E4823FAE191005DFC4A /* GoogleService-Info.plist */ = {isa = PBXFileReference; fileEncoding = 4; lastKnownFileType = text.plist.xml; path = "GoogleService-Info.plist"; sourceTree = "<group>"; };
		43D53E4B23FAE7DD005DFC4A /* SignInVC.swift */ = {isa = PBXFileReference; lastKnownFileType = sourcecode.swift; path = SignInVC.swift; sourceTree = "<group>"; };
		43D53E4C23FAE7DD005DFC4A /* SignInVC.xib */ = {isa = PBXFileReference; lastKnownFileType = file.xib; path = SignInVC.xib; sourceTree = "<group>"; };
		43D53E4F23FAE808005DFC4A /* SignInProtocol.swift */ = {isa = PBXFileReference; lastKnownFileType = sourcecode.swift; path = SignInProtocol.swift; sourceTree = "<group>"; };
		43D53E5123FAE98F005DFC4A /* SignInActor.swift */ = {isa = PBXFileReference; lastKnownFileType = sourcecode.swift; path = SignInActor.swift; sourceTree = "<group>"; };
		43D53E5323FAE9DC005DFC4A /* SignInDataManager.swift */ = {isa = PBXFileReference; lastKnownFileType = sourcecode.swift; path = SignInDataManager.swift; sourceTree = "<group>"; };
		43D53E5523FAEA12005DFC4A /* SignInDataResponse.swift */ = {isa = PBXFileReference; lastKnownFileType = sourcecode.swift; path = SignInDataResponse.swift; sourceTree = "<group>"; };
		B6367B16AD08E8341DFD6296 /* libPods-MoariTests.a */ = {isa = PBXFileReference; explicitFileType = archive.ar; includeInIndex = 0; path = "libPods-MoariTests.a"; sourceTree = BUILT_PRODUCTS_DIR; };
		CA1DA8A874583CB34F6191E8 /* Pods_Moari.framework */ = {isa = PBXFileReference; explicitFileType = wrapper.framework; includeInIndex = 0; path = Pods_Moari.framework; sourceTree = BUILT_PRODUCTS_DIR; };
		D90915411A2F82CC74BCEA4B /* Pods-MoariTests.debug.xcconfig */ = {isa = PBXFileReference; includeInIndex = 1; lastKnownFileType = text.xcconfig; name = "Pods-MoariTests.debug.xcconfig"; path = "Target Support Files/Pods-MoariTests/Pods-MoariTests.debug.xcconfig"; sourceTree = "<group>"; };
		E9A0F51F34B695367033AB22 /* libPods-Moari.a */ = {isa = PBXFileReference; explicitFileType = archive.ar; includeInIndex = 0; path = "libPods-Moari.a"; sourceTree = BUILT_PRODUCTS_DIR; };
/* End PBXFileReference section */

/* Begin PBXFrameworksBuildPhase section */
		4362198223F1A2B6008B9F84 /* Frameworks */ = {
			isa = PBXFrameworksBuildPhase;
			buildActionMask = 2147483647;
			files = (
				4A4A3E8DF1AF946B5ABDD294 /* libPods-Moari.a in Frameworks */,
			);
			runOnlyForDeploymentPostprocessing = 0;
		};
		4362199823F1A2B7008B9F84 /* Frameworks */ = {
			isa = PBXFrameworksBuildPhase;
			buildActionMask = 2147483647;
			files = (
				6715CDA1D5567804532A4810 /* libPods-MoariTests.a in Frameworks */,
			);
			runOnlyForDeploymentPostprocessing = 0;
		};
/* End PBXFrameworksBuildPhase section */

/* Begin PBXGroup section */
		434D2B3723F2A7E100E1E0D1 /* Main */ = {
			isa = PBXGroup;
			children = (
				434D2B3923F2A7FE00E1E0D1 /* MainTests.swift */,
			);
			path = Main;
			sourceTree = "<group>";
		};
		435EAC3923FA9E5500FF1AD8 /* SignIn */ = {
			isa = PBXGroup;
			children = (
				435EAC4323FAA02C00FF1AD8 /* View */,
				435EAC4223FAA02B00FF1AD8 /* Actor */,
				435EAC4123FAA02900FF1AD8 /* Network */,
				435EAC4023FAA02400FF1AD8 /* Protocol */,
			);
			path = SignIn;
			sourceTree = "<group>";
		};
		435EAC3A23FA9E5D00FF1AD8 /* SignUp */ = {
			isa = PBXGroup;
			children = (
				435EAC4723FAA04B00FF1AD8 /* View */,
				435EAC4623FAA04A00FF1AD8 /* Actor */,
				435EAC4523FAA04800FF1AD8 /* Network */,
				435EAC4423FAA04500FF1AD8 /* Protocol */,
			);
			path = SignUp;
			sourceTree = "<group>";
		};
		435EAC3B23FA9E7D00FF1AD8 /* Main */ = {
			isa = PBXGroup;
			children = (
				435EAC3C23FA9E8F00FF1AD8 /* Category */,
				435EAC3D23FA9E9A00FF1AD8 /* Curation */,
			);
			path = Main;
			sourceTree = "<group>";
		};
		435EAC3C23FA9E8F00FF1AD8 /* Category */ = {
			isa = PBXGroup;
			children = (
				435EAC4B23FAA06200FF1AD8 /* View */,
				435EAC4A23FAA06100FF1AD8 /* Actor */,
				435EAC4923FAA05F00FF1AD8 /* Network */,
				435EAC4823FAA05D00FF1AD8 /* Protocol */,
			);
			path = Category;
			sourceTree = "<group>";
		};
		435EAC3D23FA9E9A00FF1AD8 /* Curation */ = {
			isa = PBXGroup;
			children = (
				435EAC4F23FAA07D00FF1AD8 /* View */,
				435EAC4E23FAA07C00FF1AD8 /* Actor */,
				435EAC4D23FAA07A00FF1AD8 /* Network */,
				435EAC4C23FAA07700FF1AD8 /* Protocol */,
			);
			path = Curation;
			sourceTree = "<group>";
		};
		435EAC3E23FAA00300FF1AD8 /* CategoryDetail */ = {
			isa = PBXGroup;
			children = (
				435EAC5323FAA09300FF1AD8 /* View */,
				435EAC5223FAA09200FF1AD8 /* Actor */,
				435EAC5123FAA09000FF1AD8 /* Network */,
				435EAC5023FAA08F00FF1AD8 /* Protocol */,
			);
			path = CategoryDetail;
			sourceTree = "<group>";
		};
		435EAC3F23FAA01200FF1AD8 /* MemoDetail */ = {
			isa = PBXGroup;
			children = (
				435EAC5723FAA0AD00FF1AD8 /* View */,
				435EAC5623FAA0AB00FF1AD8 /* Actor */,
				435EAC5523FAA0A900FF1AD8 /* Network */,
				435EAC5423FAA0A700FF1AD8 /* Protocol */,
			);
			path = MemoDetail;
			sourceTree = "<group>";
		};
		435EAC4023FAA02400FF1AD8 /* Protocol */ = {
			isa = PBXGroup;
			children = (
				43D53E4F23FAE808005DFC4A /* SignInProtocol.swift */,
			);
			path = Protocol;
			sourceTree = "<group>";
		};
		435EAC4123FAA02900FF1AD8 /* Network */ = {
			isa = PBXGroup;
			children = (
				43D53E5323FAE9DC005DFC4A /* SignInDataManager.swift */,
				43D53E5523FAEA12005DFC4A /* SignInDataResponse.swift */,
			);
			path = Network;
			sourceTree = "<group>";
		};
		435EAC4223FAA02B00FF1AD8 /* Actor */ = {
			isa = PBXGroup;
			children = (
				43D53E5123FAE98F005DFC4A /* SignInActor.swift */,
			);
			path = Actor;
			sourceTree = "<group>";
		};
		435EAC4323FAA02C00FF1AD8 /* View */ = {
			isa = PBXGroup;
			children = (
				43D53E4B23FAE7DD005DFC4A /* SignInVC.swift */,
				43D53E4C23FAE7DD005DFC4A /* SignInVC.xib */,
			);
			path = View;
			sourceTree = "<group>";
		};
		435EAC4423FAA04500FF1AD8 /* Protocol */ = {
			isa = PBXGroup;
			children = (
			);
			path = Protocol;
			sourceTree = "<group>";
		};
		435EAC4523FAA04800FF1AD8 /* Network */ = {
			isa = PBXGroup;
			children = (
			);
			path = Network;
			sourceTree = "<group>";
		};
		435EAC4623FAA04A00FF1AD8 /* Actor */ = {
			isa = PBXGroup;
			children = (
			);
			path = Actor;
			sourceTree = "<group>";
		};
		435EAC4723FAA04B00FF1AD8 /* View */ = {
			isa = PBXGroup;
			children = (
			);
			path = View;
			sourceTree = "<group>";
		};
		435EAC4823FAA05D00FF1AD8 /* Protocol */ = {
			isa = PBXGroup;
			children = (
			);
			path = Protocol;
			sourceTree = "<group>";
		};
		435EAC4923FAA05F00FF1AD8 /* Network */ = {
			isa = PBXGroup;
			children = (
			);
			path = Network;
			sourceTree = "<group>";
		};
		435EAC4A23FAA06100FF1AD8 /* Actor */ = {
			isa = PBXGroup;
			children = (
			);
			path = Actor;
			sourceTree = "<group>";
		};
		435EAC4B23FAA06200FF1AD8 /* View */ = {
			isa = PBXGroup;
			children = (
			);
			path = View;
			sourceTree = "<group>";
		};
		435EAC4C23FAA07700FF1AD8 /* Protocol */ = {
			isa = PBXGroup;
			children = (
			);
			path = Protocol;
			sourceTree = "<group>";
		};
		435EAC4D23FAA07A00FF1AD8 /* Network */ = {
			isa = PBXGroup;
			children = (
			);
			path = Network;
			sourceTree = "<group>";
		};
		435EAC4E23FAA07C00FF1AD8 /* Actor */ = {
			isa = PBXGroup;
			children = (
			);
			path = Actor;
			sourceTree = "<group>";
		};
		435EAC4F23FAA07D00FF1AD8 /* View */ = {
			isa = PBXGroup;
			children = (
			);
			path = View;
			sourceTree = "<group>";
		};
		435EAC5023FAA08F00FF1AD8 /* Protocol */ = {
			isa = PBXGroup;
			children = (
			);
			path = Protocol;
			sourceTree = "<group>";
		};
		435EAC5123FAA09000FF1AD8 /* Network */ = {
			isa = PBXGroup;
			children = (
			);
			path = Network;
			sourceTree = "<group>";
		};
		435EAC5223FAA09200FF1AD8 /* Actor */ = {
			isa = PBXGroup;
			children = (
			);
			path = Actor;
			sourceTree = "<group>";
		};
		435EAC5323FAA09300FF1AD8 /* View */ = {
			isa = PBXGroup;
			children = (
			);
			path = View;
			sourceTree = "<group>";
		};
		435EAC5423FAA0A700FF1AD8 /* Protocol */ = {
			isa = PBXGroup;
			children = (
			);
			path = Protocol;
			sourceTree = "<group>";
		};
		435EAC5523FAA0A900FF1AD8 /* Network */ = {
			isa = PBXGroup;
			children = (
			);
			path = Network;
			sourceTree = "<group>";
		};
		435EAC5623FAA0AB00FF1AD8 /* Actor */ = {
			isa = PBXGroup;
			children = (
			);
			path = Actor;
			sourceTree = "<group>";
		};
		435EAC5723FAA0AD00FF1AD8 /* View */ = {
			isa = PBXGroup;
			children = (
			);
			path = View;
			sourceTree = "<group>";
		};
		4362197C23F1A2B6008B9F84 = {
			isa = PBXGroup;
			children = (
				4362198723F1A2B7008B9F84 /* Moari */,
				4362199E23F1A2B7008B9F84 /* MoariTests */,
				4362198623F1A2B7008B9F84 /* Products */,
				B71496941FB550DF4708B349 /* Pods */,
				8DCDD2AF95A4BEF6904BDEC5 /* Frameworks */,
				43CF868C23F29A420062B846 /* Recovered References */,
			);
			sourceTree = "<group>";
		};
		4362198623F1A2B7008B9F84 /* Products */ = {
			isa = PBXGroup;
			children = (
				4362198523F1A2B7008B9F84 /* Moari.app */,
				4362199B23F1A2B7008B9F84 /* MoariTests.xctest */,
			);
			name = Products;
			sourceTree = "<group>";
		};
		4362198723F1A2B7008B9F84 /* Moari */ = {
			isa = PBXGroup;
			children = (
				43CF868F23F29BAD0062B846 /* Config */,
				43CF86B123F29D270062B846 /* Splash */,
				435EAC3923FA9E5500FF1AD8 /* SignIn */,
				435EAC3A23FA9E5D00FF1AD8 /* SignUp */,
				435EAC3B23FA9E7D00FF1AD8 /* Main */,
				435EAC3E23FAA00300FF1AD8 /* CategoryDetail */,
				435EAC3F23FAA01200FF1AD8 /* MemoDetail */,
				4362198823F1A2B7008B9F84 /* AppDelegate.swift */,
				4362198A23F1A2B7008B9F84 /* SceneDelegate.swift */,
				4362199123F1A2B7008B9F84 /* Assets.xcassets */,
				4362199323F1A2B7008B9F84 /* LaunchScreen.storyboard */,
				4362199623F1A2B7008B9F84 /* Info.plist */,
				43D53E4823FAE191005DFC4A /* GoogleService-Info.plist */,
			);
			path = Moari;
			sourceTree = "<group>";
		};
		4362199E23F1A2B7008B9F84 /* MoariTests */ = {
			isa = PBXGroup;
			children = (
				43CF86B223F29D370062B846 /* Splash */,
				434D2B3723F2A7E100E1E0D1 /* Main */,
				4362199F23F1A2B7008B9F84 /* MoariTests.swift */,
				436219A123F1A2B7008B9F84 /* Info.plist */,
			);
			path = MoariTests;
			sourceTree = "<group>";
		};
		43CF868C23F29A420062B846 /* Recovered References */ = {
			isa = PBXGroup;
			children = (
				CA1DA8A874583CB34F6191E8 /* Pods_Moari.framework */,
			);
			name = "Recovered References";
			sourceTree = "<group>";
		};
		43CF868F23F29BAD0062B846 /* Config */ = {
			isa = PBXGroup;
			children = (
				43CF869023F29BB80062B846 /* Enum */,
				43CF869123F29BBD0062B846 /* Protocol */,
				43CF869223F29BC30062B846 /* Extension */,
				43CF869F23F29C550062B846 /* BaseVC.swift */,
				43CF86A123F29C6A0062B846 /* IndicatorView.swift */,
				43CF86A323F29C820062B846 /* ColorPalette.swift */,
				430A998D23F4F70700586CB0 /* ServerAddress.swift */,
				43CF86A923F29CA00062B846 /* Localizable.strings */,
				43CF86AE23F29CAE0062B846 /* InfoPlist.strings */,
			);
			path = Config;
			sourceTree = "<group>";
		};
		43CF869023F29BB80062B846 /* Enum */ = {
			isa = PBXGroup;
			children = (
				43CF869323F29BDE0062B846 /* Device.swift */,
			);
			path = Enum;
			sourceTree = "<group>";
		};
		43CF869123F29BBD0062B846 /* Protocol */ = {
			isa = PBXGroup;
			children = (
				43CF869523F29BF30062B846 /* BaseVCProtocol.swift */,
			);
			path = Protocol;
			sourceTree = "<group>";
		};
		43CF869223F29BC30062B846 /* Extension */ = {
			isa = PBXGroup;
			children = (
				43CF869723F29C040062B846 /* UIColor.swift */,
				43CF869923F29C1A0062B846 /* UIButton.swift */,
				43CF869B23F29C2B0062B846 /* UIViewController.swift */,
				43CF869D23F29C400062B846 /* String.swift */,
			);
			path = Extension;
			sourceTree = "<group>";
		};
		43CF86B123F29D270062B846 /* Splash */ = {
			isa = PBXGroup;
			children = (
				43CF86B823F29D870062B846 /* View */,
				43CF86B723F29D850062B846 /* Actor */,
				43CF86B623F29D830062B846 /* Network */,
				43CF86B523F29D820062B846 /* Protocol */,
			);
			path = Splash;
			sourceTree = "<group>";
		};
		43CF86B223F29D370062B846 /* Splash */ = {
			isa = PBXGroup;
			children = (
				43CF86B323F29D500062B846 /* SplashTests.swift */,
			);
			path = Splash;
			sourceTree = "<group>";
		};
		43CF86B523F29D820062B846 /* Protocol */ = {
			isa = PBXGroup;
			children = (
				43CF86B923F29DA00062B846 /* SplashProtocol.swift */,
			);
			path = Protocol;
			sourceTree = "<group>";
		};
		43CF86B623F29D830062B846 /* Network */ = {
			isa = PBXGroup;
			children = (
				43CF86BB23F29DAB0062B846 /* SplashDataManager.swift */,
				43CF86BF23F29DC10062B846 /* SplashDataResponse.swift */,
			);
			path = Network;
			sourceTree = "<group>";
		};
		43CF86B723F29D850062B846 /* Actor */ = {
			isa = PBXGroup;
			children = (
				43CF86BD23F29DB50062B846 /* SplashActor.swift */,
			);
			path = Actor;
			sourceTree = "<group>";
		};
		43CF86B823F29D870062B846 /* View */ = {
			isa = PBXGroup;
			children = (
				43CF86C123F29DD00062B846 /* SplashVC.swift */,
				43CF86C223F29DD00062B846 /* SplashVC.xib */,
			);
			path = View;
			sourceTree = "<group>";
		};
		8DCDD2AF95A4BEF6904BDEC5 /* Frameworks */ = {
			isa = PBXGroup;
			children = (
				E9A0F51F34B695367033AB22 /* libPods-Moari.a */,
				B6367B16AD08E8341DFD6296 /* libPods-MoariTests.a */,
			);
			name = Frameworks;
			sourceTree = "<group>";
		};
		B71496941FB550DF4708B349 /* Pods */ = {
			isa = PBXGroup;
			children = (
				0160B0ACF983F050FD1EBB75 /* Pods-Moari.debug.xcconfig */,
				3F64763878C86E67F9CF8AA2 /* Pods-Moari.release.xcconfig */,
				D90915411A2F82CC74BCEA4B /* Pods-MoariTests.debug.xcconfig */,
				439CA85B1EBDAD103DA04605 /* Pods-MoariTests.release.xcconfig */,
			);
			path = Pods;
			sourceTree = "<group>";
		};
/* End PBXGroup section */

/* Begin PBXNativeTarget section */
		4362198423F1A2B6008B9F84 /* Moari */ = {
			isa = PBXNativeTarget;
			buildConfigurationList = 436219A423F1A2B7008B9F84 /* Build configuration list for PBXNativeTarget "Moari" */;
			buildPhases = (
				ED4618C30B17AF5CAEF6A663 /* [CP] Check Pods Manifest.lock */,
				436219AA23F242B0008B9F84 /* CopyFiles */,
				4362198123F1A2B6008B9F84 /* Sources */,
				4362198223F1A2B6008B9F84 /* Frameworks */,
				4362198323F1A2B6008B9F84 /* Resources */,
				43D53E4A23FAE328005DFC4A /* ShellScript */,
			);
			buildRules = (
			);
			dependencies = (
			);
			name = Moari;
			productName = Moari;
			productReference = 4362198523F1A2B7008B9F84 /* Moari.app */;
			productType = "com.apple.product-type.application";
		};
		4362199A23F1A2B7008B9F84 /* MoariTests */ = {
			isa = PBXNativeTarget;
			buildConfigurationList = 436219A723F1A2B7008B9F84 /* Build configuration list for PBXNativeTarget "MoariTests" */;
			buildPhases = (
				7BC79A57ECE982CF7422E9AC /* [CP] Check Pods Manifest.lock */,
				4362199723F1A2B7008B9F84 /* Sources */,
				4362199823F1A2B7008B9F84 /* Frameworks */,
				4362199923F1A2B7008B9F84 /* Resources */,
			);
			buildRules = (
			);
			dependencies = (
				4362199D23F1A2B7008B9F84 /* PBXTargetDependency */,
			);
			name = MoariTests;
			productName = MoariTests;
			productReference = 4362199B23F1A2B7008B9F84 /* MoariTests.xctest */;
			productType = "com.apple.product-type.bundle.unit-test";
		};
/* End PBXNativeTarget section */

/* Begin PBXProject section */
		4362197D23F1A2B6008B9F84 /* Project object */ = {
			isa = PBXProject;
			attributes = {
				LastSwiftUpdateCheck = 1130;
				LastUpgradeCheck = 1130;
				ORGANIZATIONNAME = "YooBin Jo";
				TargetAttributes = {
					4362198423F1A2B6008B9F84 = {
						CreatedOnToolsVersion = 11.3.1;
					};
					4362199A23F1A2B7008B9F84 = {
						CreatedOnToolsVersion = 11.3.1;
						TestTargetID = 4362198423F1A2B6008B9F84;
					};
				};
			};
			buildConfigurationList = 4362198023F1A2B6008B9F84 /* Build configuration list for PBXProject "Moari" */;
			compatibilityVersion = "Xcode 9.3";
			developmentRegion = en;
			hasScannedForEncodings = 0;
			knownRegions = (
				en,
				Base,
				ko,
			);
			mainGroup = 4362197C23F1A2B6008B9F84;
			productRefGroup = 4362198623F1A2B7008B9F84 /* Products */;
			projectDirPath = "";
			projectRoot = "";
			targets = (
				4362198423F1A2B6008B9F84 /* Moari */,
				4362199A23F1A2B7008B9F84 /* MoariTests */,
			);
		};
/* End PBXProject section */

/* Begin PBXResourcesBuildPhase section */
		4362198323F1A2B6008B9F84 /* Resources */ = {
			isa = PBXResourcesBuildPhase;
			buildActionMask = 2147483647;
			files = (
				4362199523F1A2B7008B9F84 /* LaunchScreen.storyboard in Resources */,
				43CF86A723F29CA00062B846 /* Localizable.strings in Resources */,
				43CF86C423F29DD00062B846 /* SplashVC.xib in Resources */,
				4362199223F1A2B7008B9F84 /* Assets.xcassets in Resources */,
				43CF86AC23F29CAE0062B846 /* InfoPlist.strings in Resources */,
				43D53E4923FAE191005DFC4A /* GoogleService-Info.plist in Resources */,
				43D53E4E23FAE7DD005DFC4A /* SignInVC.xib in Resources */,
			);
			runOnlyForDeploymentPostprocessing = 0;
		};
		4362199923F1A2B7008B9F84 /* Resources */ = {
			isa = PBXResourcesBuildPhase;
			buildActionMask = 2147483647;
			files = (
			);
			runOnlyForDeploymentPostprocessing = 0;
		};
/* End PBXResourcesBuildPhase section */

/* Begin PBXShellScriptBuildPhase section */
		43D53E4A23FAE328005DFC4A /* ShellScript */ = {
			isa = PBXShellScriptBuildPhase;
			buildActionMask = 2147483647;
			files = (
			);
			inputFileListPaths = (
			);
			inputPaths = (
			);
			outputFileListPaths = (
			);
			outputPaths = (
			);
			runOnlyForDeploymentPostprocessing = 0;
			shellPath = /bin/sh;
			shellScript = "# Type a script or drag a script file from your workspace to insert its path.\n\"${DWARF_DSYM_FOLDER_PATH}/${DWARF_DSYM_FILE_NAME}/Contents/Resources/DWARF/${TARGET_NAME}\"\n\"${PODS_ROOT}/FirebaseCrashlytics/run\"\n";
		};
		7BC79A57ECE982CF7422E9AC /* [CP] Check Pods Manifest.lock */ = {
			isa = PBXShellScriptBuildPhase;
			buildActionMask = 2147483647;
			files = (
			);
			inputFileListPaths = (
			);
			inputPaths = (
				"${PODS_PODFILE_DIR_PATH}/Podfile.lock",
				"${PODS_ROOT}/Manifest.lock",
			);
			name = "[CP] Check Pods Manifest.lock";
			outputFileListPaths = (
			);
			outputPaths = (
				"$(DERIVED_FILE_DIR)/Pods-MoariTests-checkManifestLockResult.txt",
			);
			runOnlyForDeploymentPostprocessing = 0;
			shellPath = /bin/sh;
			shellScript = "diff \"${PODS_PODFILE_DIR_PATH}/Podfile.lock\" \"${PODS_ROOT}/Manifest.lock\" > /dev/null\nif [ $? != 0 ] ; then\n    # print error to STDERR\n    echo \"error: The sandbox is not in sync with the Podfile.lock. Run 'pod install' or update your CocoaPods installation.\" >&2\n    exit 1\nfi\n# This output is used by Xcode 'outputs' to avoid re-running this script phase.\necho \"SUCCESS\" > \"${SCRIPT_OUTPUT_FILE_0}\"\n";
			showEnvVarsInLog = 0;
		};
		ED4618C30B17AF5CAEF6A663 /* [CP] Check Pods Manifest.lock */ = {
			isa = PBXShellScriptBuildPhase;
			buildActionMask = 2147483647;
			files = (
			);
			inputFileListPaths = (
			);
			inputPaths = (
				"${PODS_PODFILE_DIR_PATH}/Podfile.lock",
				"${PODS_ROOT}/Manifest.lock",
			);
			name = "[CP] Check Pods Manifest.lock";
			outputFileListPaths = (
			);
			outputPaths = (
				"$(DERIVED_FILE_DIR)/Pods-Moari-checkManifestLockResult.txt",
			);
			runOnlyForDeploymentPostprocessing = 0;
			shellPath = /bin/sh;
			shellScript = "diff \"${PODS_PODFILE_DIR_PATH}/Podfile.lock\" \"${PODS_ROOT}/Manifest.lock\" > /dev/null\nif [ $? != 0 ] ; then\n    # print error to STDERR\n    echo \"error: The sandbox is not in sync with the Podfile.lock. Run 'pod install' or update your CocoaPods installation.\" >&2\n    exit 1\nfi\n# This output is used by Xcode 'outputs' to avoid re-running this script phase.\necho \"SUCCESS\" > \"${SCRIPT_OUTPUT_FILE_0}\"\n";
			showEnvVarsInLog = 0;
		};
/* End PBXShellScriptBuildPhase section */

/* Begin PBXSourcesBuildPhase section */
		4362198123F1A2B6008B9F84 /* Sources */ = {
			isa = PBXSourcesBuildPhase;
			buildActionMask = 2147483647;
			files = (
				43CF869C23F29C2B0062B846 /* UIViewController.swift in Sources */,
				43CF869423F29BDE0062B846 /* Device.swift in Sources */,
				43D53E4D23FAE7DD005DFC4A /* SignInVC.swift in Sources */,
				43CF869623F29BF30062B846 /* BaseVCProtocol.swift in Sources */,
				43D53E5623FAEA12005DFC4A /* SignInDataResponse.swift in Sources */,
				43D53E5023FAE808005DFC4A /* SignInProtocol.swift in Sources */,
				4362198923F1A2B7008B9F84 /* AppDelegate.swift in Sources */,
				43CF86BA23F29DA00062B846 /* SplashProtocol.swift in Sources */,
				43CF86A223F29C6A0062B846 /* IndicatorView.swift in Sources */,
				43CF86A023F29C550062B846 /* BaseVC.swift in Sources */,
				4362198B23F1A2B7008B9F84 /* SceneDelegate.swift in Sources */,
				43CF86BE23F29DB50062B846 /* SplashActor.swift in Sources */,
				430A998E23F4F70700586CB0 /* ServerAddress.swift in Sources */,
				43CF869823F29C040062B846 /* UIColor.swift in Sources */,
				43D53E5223FAE98F005DFC4A /* SignInActor.swift in Sources */,
				43CF86BC23F29DAB0062B846 /* SplashDataManager.swift in Sources */,
				43CF869E23F29C400062B846 /* String.swift in Sources */,
				43CF869A23F29C1A0062B846 /* UIButton.swift in Sources */,
				43D53E5423FAE9DC005DFC4A /* SignInDataManager.swift in Sources */,
				43CF86C323F29DD00062B846 /* SplashVC.swift in Sources */,
				43CF86A423F29C820062B846 /* ColorPalette.swift in Sources */,
				43CF86C023F29DC10062B846 /* SplashDataResponse.swift in Sources */,
			);
			runOnlyForDeploymentPostprocessing = 0;
		};
		4362199723F1A2B7008B9F84 /* Sources */ = {
			isa = PBXSourcesBuildPhase;
			buildActionMask = 2147483647;
			files = (
				43CF86B423F29D500062B846 /* SplashTests.swift in Sources */,
				434D2B3A23F2A7FE00E1E0D1 /* MainTests.swift in Sources */,
				436219A023F1A2B7008B9F84 /* MoariTests.swift in Sources */,
			);
			runOnlyForDeploymentPostprocessing = 0;
		};
/* End PBXSourcesBuildPhase section */

/* Begin PBXTargetDependency section */
		4362199D23F1A2B7008B9F84 /* PBXTargetDependency */ = {
			isa = PBXTargetDependency;
			target = 4362198423F1A2B6008B9F84 /* Moari */;
			targetProxy = 4362199C23F1A2B7008B9F84 /* PBXContainerItemProxy */;
		};
/* End PBXTargetDependency section */

/* Begin PBXVariantGroup section */
		4362199323F1A2B7008B9F84 /* LaunchScreen.storyboard */ = {
			isa = PBXVariantGroup;
			children = (
				4362199423F1A2B7008B9F84 /* Base */,
			);
			name = LaunchScreen.storyboard;
			sourceTree = "<group>";
		};
		43CF86A923F29CA00062B846 /* Localizable.strings */ = {
			isa = PBXVariantGroup;
			children = (
				43CF86A823F29CA00062B846 /* en */,
				43CF86AF23F29CBE0062B846 /* ko */,
			);
			name = Localizable.strings;
			sourceTree = "<group>";
		};
		43CF86AE23F29CAE0062B846 /* InfoPlist.strings */ = {
			isa = PBXVariantGroup;
			children = (
				43CF86AD23F29CAE0062B846 /* en */,
				43CF86B023F29CBE0062B846 /* ko */,
			);
			name = InfoPlist.strings;
			sourceTree = "<group>";
		};
/* End PBXVariantGroup section */

/* Begin XCBuildConfiguration section */
		436219A223F1A2B7008B9F84 /* Debug */ = {
			isa = XCBuildConfiguration;
			buildSettings = {
				ALWAYS_SEARCH_USER_PATHS = NO;
				CLANG_ANALYZER_LOCALIZABILITY_NONLOCALIZED = YES;
				CLANG_ANALYZER_NONNULL = YES;
				CLANG_ANALYZER_NUMBER_OBJECT_CONVERSION = YES_AGGRESSIVE;
				CLANG_CXX_LANGUAGE_STANDARD = "gnu++14";
				CLANG_CXX_LIBRARY = "libc++";
				CLANG_ENABLE_MODULES = YES;
				CLANG_ENABLE_OBJC_ARC = YES;
				CLANG_ENABLE_OBJC_WEAK = YES;
				CLANG_WARN_BLOCK_CAPTURE_AUTORELEASING = YES;
				CLANG_WARN_BOOL_CONVERSION = YES;
				CLANG_WARN_COMMA = YES;
				CLANG_WARN_CONSTANT_CONVERSION = YES;
				CLANG_WARN_DEPRECATED_OBJC_IMPLEMENTATIONS = YES;
				CLANG_WARN_DIRECT_OBJC_ISA_USAGE = YES_ERROR;
				CLANG_WARN_DOCUMENTATION_COMMENTS = YES;
				CLANG_WARN_EMPTY_BODY = YES;
				CLANG_WARN_ENUM_CONVERSION = YES;
				CLANG_WARN_INFINITE_RECURSION = YES;
				CLANG_WARN_INT_CONVERSION = YES;
				CLANG_WARN_NON_LITERAL_NULL_CONVERSION = YES;
				CLANG_WARN_OBJC_IMPLICIT_RETAIN_SELF = YES;
				CLANG_WARN_OBJC_LITERAL_CONVERSION = YES;
				CLANG_WARN_OBJC_ROOT_CLASS = YES_ERROR;
				CLANG_WARN_RANGE_LOOP_ANALYSIS = YES;
				CLANG_WARN_STRICT_PROTOTYPES = YES;
				CLANG_WARN_SUSPICIOUS_MOVE = YES;
				CLANG_WARN_UNGUARDED_AVAILABILITY = YES_AGGRESSIVE;
				CLANG_WARN_UNREACHABLE_CODE = YES;
				CLANG_WARN__DUPLICATE_METHOD_MATCH = YES;
				COPY_PHASE_STRIP = NO;
				DEBUG_INFORMATION_FORMAT = dwarf;
				ENABLE_STRICT_OBJC_MSGSEND = YES;
				ENABLE_TESTABILITY = YES;
				GCC_C_LANGUAGE_STANDARD = gnu11;
				GCC_DYNAMIC_NO_PIC = NO;
				GCC_NO_COMMON_BLOCKS = YES;
				GCC_OPTIMIZATION_LEVEL = 0;
				GCC_PREPROCESSOR_DEFINITIONS = (
					"DEBUG=1",
					"$(inherited)",
				);
				GCC_WARN_64_TO_32_BIT_CONVERSION = YES;
				GCC_WARN_ABOUT_RETURN_TYPE = YES_ERROR;
				GCC_WARN_UNDECLARED_SELECTOR = YES;
				GCC_WARN_UNINITIALIZED_AUTOS = YES_AGGRESSIVE;
				GCC_WARN_UNUSED_FUNCTION = YES;
				GCC_WARN_UNUSED_VARIABLE = YES;
				IPHONEOS_DEPLOYMENT_TARGET = 13.2;
				MTL_ENABLE_DEBUG_INFO = INCLUDE_SOURCE;
				MTL_FAST_MATH = YES;
				ONLY_ACTIVE_ARCH = YES;
				SDKROOT = iphoneos;
				SWIFT_ACTIVE_COMPILATION_CONDITIONS = DEBUG;
				SWIFT_OPTIMIZATION_LEVEL = "-Onone";
			};
			name = Debug;
		};
		436219A323F1A2B7008B9F84 /* Release */ = {
			isa = XCBuildConfiguration;
			buildSettings = {
				ALWAYS_SEARCH_USER_PATHS = NO;
				CLANG_ANALYZER_LOCALIZABILITY_NONLOCALIZED = YES;
				CLANG_ANALYZER_NONNULL = YES;
				CLANG_ANALYZER_NUMBER_OBJECT_CONVERSION = YES_AGGRESSIVE;
				CLANG_CXX_LANGUAGE_STANDARD = "gnu++14";
				CLANG_CXX_LIBRARY = "libc++";
				CLANG_ENABLE_MODULES = YES;
				CLANG_ENABLE_OBJC_ARC = YES;
				CLANG_ENABLE_OBJC_WEAK = YES;
				CLANG_WARN_BLOCK_CAPTURE_AUTORELEASING = YES;
				CLANG_WARN_BOOL_CONVERSION = YES;
				CLANG_WARN_COMMA = YES;
				CLANG_WARN_CONSTANT_CONVERSION = YES;
				CLANG_WARN_DEPRECATED_OBJC_IMPLEMENTATIONS = YES;
				CLANG_WARN_DIRECT_OBJC_ISA_USAGE = YES_ERROR;
				CLANG_WARN_DOCUMENTATION_COMMENTS = YES;
				CLANG_WARN_EMPTY_BODY = YES;
				CLANG_WARN_ENUM_CONVERSION = YES;
				CLANG_WARN_INFINITE_RECURSION = YES;
				CLANG_WARN_INT_CONVERSION = YES;
				CLANG_WARN_NON_LITERAL_NULL_CONVERSION = YES;
				CLANG_WARN_OBJC_IMPLICIT_RETAIN_SELF = YES;
				CLANG_WARN_OBJC_LITERAL_CONVERSION = YES;
				CLANG_WARN_OBJC_ROOT_CLASS = YES_ERROR;
				CLANG_WARN_RANGE_LOOP_ANALYSIS = YES;
				CLANG_WARN_STRICT_PROTOTYPES = YES;
				CLANG_WARN_SUSPICIOUS_MOVE = YES;
				CLANG_WARN_UNGUARDED_AVAILABILITY = YES_AGGRESSIVE;
				CLANG_WARN_UNREACHABLE_CODE = YES;
				CLANG_WARN__DUPLICATE_METHOD_MATCH = YES;
				COPY_PHASE_STRIP = NO;
				DEBUG_INFORMATION_FORMAT = "dwarf-with-dsym";
				ENABLE_NS_ASSERTIONS = NO;
				ENABLE_STRICT_OBJC_MSGSEND = YES;
				GCC_C_LANGUAGE_STANDARD = gnu11;
				GCC_NO_COMMON_BLOCKS = YES;
				GCC_WARN_64_TO_32_BIT_CONVERSION = YES;
				GCC_WARN_ABOUT_RETURN_TYPE = YES_ERROR;
				GCC_WARN_UNDECLARED_SELECTOR = YES;
				GCC_WARN_UNINITIALIZED_AUTOS = YES_AGGRESSIVE;
				GCC_WARN_UNUSED_FUNCTION = YES;
				GCC_WARN_UNUSED_VARIABLE = YES;
				IPHONEOS_DEPLOYMENT_TARGET = 13.2;
				MTL_ENABLE_DEBUG_INFO = NO;
				MTL_FAST_MATH = YES;
				SDKROOT = iphoneos;
				SWIFT_COMPILATION_MODE = wholemodule;
				SWIFT_OPTIMIZATION_LEVEL = "-O";
				VALIDATE_PRODUCT = YES;
			};
			name = Release;
		};
		436219A523F1A2B7008B9F84 /* Debug */ = {
			isa = XCBuildConfiguration;
			baseConfigurationReference = 0160B0ACF983F050FD1EBB75 /* Pods-Moari.debug.xcconfig */;
			buildSettings = {
				ASSETCATALOG_COMPILER_APPICON_NAME = AppIcon;
				CODE_SIGN_IDENTITY = "Apple Development";
				CODE_SIGN_STYLE = Automatic;
				DEVELOPMENT_TEAM = 6M94RM5DH9;
				INFOPLIST_FILE = Moari/Info.plist;
				IPHONEOS_DEPLOYMENT_TARGET = 11.0;
				LD_RUNPATH_SEARCH_PATHS = (
					"$(inherited)",
					"@executable_path/Frameworks",
				);
				PRODUCT_BUNDLE_IDENTIFIER = com.softsquared.ios.Moari;
				PRODUCT_NAME = "$(TARGET_NAME)";
				PROVISIONING_PROFILE_SPECIFIER = "";
				SWIFT_VERSION = 5.0;
				TARGETED_DEVICE_FAMILY = "1,2";
			};
			name = Debug;
		};
		436219A623F1A2B7008B9F84 /* Release */ = {
			isa = XCBuildConfiguration;
			baseConfigurationReference = 3F64763878C86E67F9CF8AA2 /* Pods-Moari.release.xcconfig */;
			buildSettings = {
				ASSETCATALOG_COMPILER_APPICON_NAME = AppIcon;
				CODE_SIGN_IDENTITY = "Apple Development";
				CODE_SIGN_STYLE = Automatic;
				DEVELOPMENT_TEAM = 6M94RM5DH9;
				INFOPLIST_FILE = Moari/Info.plist;
				IPHONEOS_DEPLOYMENT_TARGET = 11.0;
				LD_RUNPATH_SEARCH_PATHS = (
					"$(inherited)",
					"@executable_path/Frameworks",
				);
				PRODUCT_BUNDLE_IDENTIFIER = com.softsquared.ios.Moari;
				PRODUCT_NAME = "$(TARGET_NAME)";
				PROVISIONING_PROFILE_SPECIFIER = "";
				SWIFT_VERSION = 5.0;
				TARGETED_DEVICE_FAMILY = "1,2";
			};
			name = Release;
		};
		436219A823F1A2B7008B9F84 /* Debug */ = {
			isa = XCBuildConfiguration;
			baseConfigurationReference = D90915411A2F82CC74BCEA4B /* Pods-MoariTests.debug.xcconfig */;
			buildSettings = {
				ALWAYS_EMBED_SWIFT_STANDARD_LIBRARIES = YES;
				BUNDLE_LOADER = "$(TEST_HOST)";
				CODE_SIGN_STYLE = Automatic;
				DEVELOPMENT_TEAM = 6M94RM5DH9;
				INFOPLIST_FILE = MoariTests/Info.plist;
				IPHONEOS_DEPLOYMENT_TARGET = 13.2;
				LD_RUNPATH_SEARCH_PATHS = (
					"$(inherited)",
					"@executable_path/Frameworks",
					"@loader_path/Frameworks",
				);
				PRODUCT_BUNDLE_IDENTIFIER = com.softsquared.ios.MoariTests;
				PRODUCT_NAME = "$(TARGET_NAME)";
				SWIFT_VERSION = 5.0;
				TARGETED_DEVICE_FAMILY = "1,2";
				TEST_HOST = "$(BUILT_PRODUCTS_DIR)/Moari.app/Moari";
			};
			name = Debug;
		};
		436219A923F1A2B7008B9F84 /* Release */ = {
			isa = XCBuildConfiguration;
			baseConfigurationReference = 439CA85B1EBDAD103DA04605 /* Pods-MoariTests.release.xcconfig */;
			buildSettings = {
				ALWAYS_EMBED_SWIFT_STANDARD_LIBRARIES = YES;
				BUNDLE_LOADER = "$(TEST_HOST)";
				CODE_SIGN_STYLE = Automatic;
				DEVELOPMENT_TEAM = 6M94RM5DH9;
				INFOPLIST_FILE = MoariTests/Info.plist;
				IPHONEOS_DEPLOYMENT_TARGET = 13.2;
				LD_RUNPATH_SEARCH_PATHS = (
					"$(inherited)",
					"@executable_path/Frameworks",
					"@loader_path/Frameworks",
				);
				PRODUCT_BUNDLE_IDENTIFIER = com.softsquared.ios.MoariTests;
				PRODUCT_NAME = "$(TARGET_NAME)";
				SWIFT_VERSION = 5.0;
				TARGETED_DEVICE_FAMILY = "1,2";
				TEST_HOST = "$(BUILT_PRODUCTS_DIR)/Moari.app/Moari";
			};
			name = Release;
		};
/* End XCBuildConfiguration section */

/* Begin XCConfigurationList section */
		4362198023F1A2B6008B9F84 /* Build configuration list for PBXProject "Moari" */ = {
			isa = XCConfigurationList;
			buildConfigurations = (
				436219A223F1A2B7008B9F84 /* Debug */,
				436219A323F1A2B7008B9F84 /* Release */,
			);
			defaultConfigurationIsVisible = 0;
			defaultConfigurationName = Release;
		};
		436219A423F1A2B7008B9F84 /* Build configuration list for PBXNativeTarget "Moari" */ = {
			isa = XCConfigurationList;
			buildConfigurations = (
				436219A523F1A2B7008B9F84 /* Debug */,
				436219A623F1A2B7008B9F84 /* Release */,
			);
			defaultConfigurationIsVisible = 0;
			defaultConfigurationName = Release;
		};
		436219A723F1A2B7008B9F84 /* Build configuration list for PBXNativeTarget "MoariTests" */ = {
			isa = XCConfigurationList;
			buildConfigurations = (
				436219A823F1A2B7008B9F84 /* Debug */,
				436219A923F1A2B7008B9F84 /* Release */,
			);
			defaultConfigurationIsVisible = 0;
			defaultConfigurationName = Release;
		};
/* End XCConfigurationList section */
	};
	rootObject = 4362197D23F1A2B6008B9F84 /* Project object */;
}
